<?xml version="1.0" encoding="utf-8"?>
<Project ToolsVersion="4.0" xmlns="http://schemas.microsoft.com/developer/msbuild/2003">
  <ItemGroup>
    <Filter Include="Resource Files">
      <UniqueIdentifier>{67DA6AB6-F800-4c08-8B7A-83BB121AAD01}</UniqueIdentifier>
      <Extensions>rc;ico;cur;bmp;dlg;rc2;rct;bin;rgs;gif;jpg;jpeg;jpe;resx;tiff;tif;png;wav;mfcribbon-ms</Extensions>
    </Filter>
    <Filter Include="model">
      <UniqueIdentifier>{5f798c02-0f5f-4e0d-b431-15677112e96f}</UniqueIdentifier>
    </Filter>
    <Filter Include="model\Header Files">
      <UniqueIdentifier>{93995380-89BD-4b04-88EB-625FBE52EBFB}</UniqueIdentifier>
      <Extensions>h;hh;hpp;hxx;hm;inl;inc;xsd</Extensions>
    </Filter>
    <Filter Include="model\Source Files">
      <UniqueIdentifier>{4FC737F1-C7A5-4376-A066-2A32D752A2FF}</UniqueIdentifier>
      <Extensions>cpp;c;cc;cxx;def;odl;idl;hpj;bat;asm;asmx</Extensions>
    </Filter>
    <Filter Include="view">
      <UniqueIdentifier>{09e65077-3561-44f1-9817-1a3000f7fd89}</UniqueIdentifier>
    </Filter>
    <Filter Include="view\Header Files">
      <UniqueIdentifier>{ae101bf0-7299-48b4-9c11-8105bad02b6e}</UniqueIdentifier>
    </Filter>
    <Filter Include="view\Source Files">
      <UniqueIdentifier>{6a73344c-5c8a-4e4f-962b-0f6498d4b791}</UniqueIdentifier>
    </Filter>
    <Filter Include="assets">
      <UniqueIdentifier>{892d3a69-3bbd-4501-b58b-3db8842195a0}</UniqueIdentifier>
    </Filter>
  </ItemGroup>
  <ItemGroup>
    <ClCompile Include="main.cpp">
      <Filter>model\Source Files</Filter>
    </ClCompile>
    <ClCompile Include="player.cpp">
      <Filter>model\Source Files</Filter>
    </ClCompile>
    <ClCompile Include="posn.cpp">
      <Filter>model\Source Files</Filter>
    </ClCompile>
    <ClCompile Include="velocity.cpp">
      <Filter>model\Source Files</Filter>
    </ClCompile>
    <ClCompile Include="gravity_obj.cpp">
      <Filter>model\Source Files</Filter>
    </ClCompile>
    <ClCompile Include="game_object.cpp">
      <Filter>model\Source Files</Filter>
    </ClCompile>
    <ClCompile Include="wall_block.cpp">
      <Filter>model\Source Files</Filter>
    </ClCompile>
    <ClCompile Include="level_map.cpp">
      <Filter>model\Source Files</Filter>
    </ClCompile>
    <ClCompile Include="level_view.cpp">
      <Filter>view\Source Files</Filter>
    </ClCompile>
  </ItemGroup>
  <ItemGroup>
    <ClInclude Include="player.h">
      <Filter>model\Header Files</Filter>
    </ClInclude>
    <ClInclude Include="posn.h">
      <Filter>model\Header Files</Filter>
    </ClInclude>
    <ClInclude Include="velocity.h">
      <Filter>model\Header Files</Filter>
    </ClInclude>
    <ClInclude Include="gravity_obj.h">
      <Filter>model\Header Files</Filter>
    </ClInclude>
    <ClInclude Include="game_object.h">
      <Filter>model\Header Files</Filter>
    </ClInclude>
    <ClInclude Include="level_map.h">
      <Filter>model\Header Files</Filter>
    </ClInclude>
    <ClInclude Include="wall_block.h">
      <Filter>model\Header Files</Filter>
    </ClInclude>
    <ClInclude Include="level_view.h">
      <Filter>view\Header Files</Filter>
    </ClInclude>
  </ItemGroup>
  <ItemGroup>
    <Image Include="target_image.png">
      <Filter>assets</Filter>
    </Image>
  </ItemGroup>
</Project>